// !$*UTF8*$!
{
	archiveVersion = 1;
	classes = {
	};
	objectVersion = 77;
	objects = {

/* Begin PBXBuildFile section */
		1E2FBCF12E663E4D00C92E7B /* AppState.swift in Sources */ = {isa = PBXBuildFile; fileRef = 1E2FBCF02E663E4D00C92E7B /* AppState.swift */; };
		1E2FBCF32E663E5200C92E7B /* AppRouter.swift in Sources */ = {isa = PBXBuildFile; fileRef = 1E2FBCF22E663E5200C92E7B /* AppRouter.swift */; };
		1E2FBCF52E663E6600C92E7B /* AppEnvironment.swift in Sources */ = {isa = PBXBuildFile; fileRef = 1E2FBCF42E663E6600C92E7B /* AppEnvironment.swift */; };
		1E2FBD0E2E66469F00C92E7B /* Typealiases.swift in Sources */ = {isa = PBXBuildFile; fileRef = 1E2FBD0D2E66469F00C92E7B /* Typealiases.swift */; };
		1E2FBD102E6646AB00C92E7B /* Constants.swift in Sources */ = {isa = PBXBuildFile; fileRef = 1E2FBD0F2E6646AB00C92E7B /* Constants.swift */; };
		1E2FBD122E6646B600C92E7B /* Operators.swift in Sources */ = {isa = PBXBuildFile; fileRef = 1E2FBD112E6646B600C92E7B /* Operators.swift */; };
		1E639C822DCE4BE800E478BF /* Assets.xcassets in Resources */ = {isa = PBXBuildFile; fileRef = 1E639C812DCE4BE800E478BF /* Assets.xcassets */; };
		1E90FC102DCB17F600682C80 /* autosaveApp.swift in Sources */ = {isa = PBXBuildFile; fileRef = 1E90FC0B2DCB17F600682C80 /* autosaveApp.swift */; };
		627744582E69DF1B0018B340 /* GameBuilder.swift in Sources */ = {isa = PBXBuildFile; fileRef = 627744572E69DF1B0018B340 /* GameBuilder.swift */; };
		627744652E69DF1B0018B340 /* AppString.swift in Sources */ = {isa = PBXBuildFile; fileRef = 627744592E69DF1B0018B340 /* AppString.swift */; };
		627744662E69DF1B0018B340 /* GameStatusEnum.swift in Sources */ = {isa = PBXBuildFile; fileRef = 6277445C2E69DF1B0018B340 /* GameStatusEnum.swift */; };
		627744672E69DF1B0018B340 /* ModeEnum.swift in Sources */ = {isa = PBXBuildFile; fileRef = 627744602E69DF1B0018B340 /* ModeEnum.swift */; };
		627744682E69DF1B0018B340 /* FormatEnum.swift in Sources */ = {isa = PBXBuildFile; fileRef = 6277445B2E69DF1B0018B340 /* FormatEnum.swift */; };
		627744692E69DF1B0018B340 /* PropertyEnum.swift in Sources */ = {isa = PBXBuildFile; fileRef = 627744622E69DF1B0018B340 /* PropertyEnum.swift */; };
		6277446A2E69DF1B0018B340 /* MenuEnum.swift in Sources */ = {isa = PBXBuildFile; fileRef = 6277445F2E69DF1B0018B340 /* MenuEnum.swift */; };
		6277446B2E69DF1B0018B340 /* AppIcon.swift in Sources */ = {isa = PBXBuildFile; fileRef = 6277445D2E69DF1B0018B340 /* AppIcon.swift */; };
		6277446C2E69DF1B0018B340 /* PropertyBuilder.swift in Sources */ = {isa = PBXBuildFile; fileRef = 627744612E69DF1B0018B340 /* PropertyBuilder.swift */; };
		6277446D2E69DF1B0018B340 /* InputEnum.swift in Sources */ = {isa = PBXBuildFile; fileRef = 6277445E2E69DF1B0018B340 /* InputEnum.swift */; };
		6277446E2E69DF1B0018B340 /* FormatBuilder.swift in Sources */ = {isa = PBXBuildFile; fileRef = 6277445A2E69DF1B0018B340 /* FormatBuilder.swift */; };
		6277446F2E69DF1B0018B340 /* SystemBuilder.swift in Sources */ = {isa = PBXBuildFile; fileRef = 627744632E69DF1B0018B340 /* SystemBuilder.swift */; };
		627744702E69DF1B0018B340 /* SystemEnum.swift in Sources */ = {isa = PBXBuildFile; fileRef = 627744642E69DF1B0018B340 /* SystemEnum.swift */; };
		627744822E69DF1B0018B340 /* ModelContext.swift in Sources */ = {isa = PBXBuildFile; fileRef = 6277447A2E69DF1B0018B340 /* ModelContext.swift */; };
		627744832E69DF1B0018B340 /* DateFormatter.swift in Sources */ = {isa = PBXBuildFile; fileRef = 627744742E69DF1B0018B340 /* DateFormatter.swift */; };
		627744842E69DF1B0018B340 /* Image.swift in Sources */ = {isa = PBXBuildFile; fileRef = 627744762E69DF1B0018B340 /* Image.swift */; };
		627744852E69DF1B0018B340 /* ModelContainer.swift in Sources */ = {isa = PBXBuildFile; fileRef = 627744792E69DF1B0018B340 /* ModelContainer.swift */; };
		627744862E69DF1B0018B340 /* Date.swift in Sources */ = {isa = PBXBuildFile; fileRef = 627744732E69DF1B0018B340 /* Date.swift */; };
		627744872E69DF1B0018B340 /* Predicate.swift in Sources */ = {isa = PBXBuildFile; fileRef = 6277447B2E69DF1B0018B340 /* Predicate.swift */; };
		627744882E69DF1B0018B340 /* String.swift in Sources */ = {isa = PBXBuildFile; fileRef = 6277447F2E69DF1B0018B340 /* String.swift */; };
		627744892E69DF1B0018B340 /* Array.swift in Sources */ = {isa = PBXBuildFile; fileRef = 627744712E69DF1B0018B340 /* Array.swift */; };
		6277448A2E69DF1B0018B340 /* LocalizedString.swift in Sources */ = {isa = PBXBuildFile; fileRef = 627744782E69DF1B0018B340 /* LocalizedString.swift */; };
		6277448B2E69DF1B0018B340 /* Set.swift in Sources */ = {isa = PBXBuildFile; fileRef = 6277447C2E69DF1B0018B340 /* Set.swift */; };
		6277448C2E69DF1B0018B340 /* SortDescriptor.swift in Sources */ = {isa = PBXBuildFile; fileRef = 6277447D2E69DF1B0018B340 /* SortDescriptor.swift */; };
		6277448D2E69DF1B0018B340 /* FetchDescriptor.swift in Sources */ = {isa = PBXBuildFile; fileRef = 627744752E69DF1B0018B340 /* FetchDescriptor.swift */; };
		6277448E2E69DF1B0018B340 /* SortOrder.swift in Sources */ = {isa = PBXBuildFile; fileRef = 6277447E2E69DF1B0018B340 /* SortOrder.swift */; };
		6277448F2E69DF1B0018B340 /* CGFloat.swift in Sources */ = {isa = PBXBuildFile; fileRef = 627744722E69DF1B0018B340 /* CGFloat.swift */; };
		627744902E69DF1B0018B340 /* UIImage.swift in Sources */ = {isa = PBXBuildFile; fileRef = 627744802E69DF1B0018B340 /* UIImage.swift */; };
		627744912E69DF1B0018B340 /* View.swift in Sources */ = {isa = PBXBuildFile; fileRef = 627744812E69DF1B0018B340 /* View.swift */; };
		627744922E69DF1B0018B340 /* Int.swift in Sources */ = {isa = PBXBuildFile; fileRef = 627744772E69DF1B0018B340 /* Int.swift */; };
		627744952E69DF1B0018B340 /* GameModel.swift in Sources */ = {isa = PBXBuildFile; fileRef = 627744932E69DF1B0018B340 /* GameModel.swift */; };
		627744962E69DF1B0018B340 /* PropertyModel.swift in Sources */ = {isa = PBXBuildFile; fileRef = 627744942E69DF1B0018B340 /* PropertyModel.swift */; };
		627744A62E69DF1B0018B340 /* GameResult.swift in Sources */ = {isa = PBXBuildFile; fileRef = 6277449B2E69DF1B0018B340 /* GameResult.swift */; };
		627744A72E69DF1B0018B340 /* GameSnapshot.swift in Sources */ = {isa = PBXBuildFile; fileRef = 6277449C2E69DF1B0018B340 /* GameSnapshot.swift */; };
		627744A82E69DF1B0018B340 /* GameSort.swift in Sources */ = {isa = PBXBuildFile; fileRef = 6277449D2E69DF1B0018B340 /* GameSort.swift */; };
		627744AF2E69DF1B0018B340 /* GameView.swift in Sources */ = {isa = PBXBuildFile; fileRef = 627744AD2E69DF1B0018B340 /* GameView.swift */; };
		627744B02E69DF1B0018B340 /* GamesListView.swift in Sources */ = {isa = PBXBuildFile; fileRef = 627744AC2E69DF1B0018B340 /* GamesListView.swift */; };
		627744B32E69DF1B0018B340 /* GameForm.swift in Sources */ = {isa = PBXBuildFile; fileRef = 627744AB2E69DF1B0018B340 /* GameForm.swift */; };
		6277461B2E69E70D0018B340 /* ImagePickerEnum.swift in Sources */ = {isa = PBXBuildFile; fileRef = 6277461A2E69E70D0018B340 /* ImagePickerEnum.swift */; };
		6277461D2E69E7230018B340 /* GameSortEnum.swift in Sources */ = {isa = PBXBuildFile; fileRef = 6277461C2E69E7230018B340 /* GameSortEnum.swift */; };
		627746F32E6B5AD30018B340 /* Enumerable.swift in Sources */ = {isa = PBXBuildFile; fileRef = 627746F12E6B5AD30018B340 /* Enumerable.swift */; };
		627746F42E6B5AD30018B340 /* Iterable.swift in Sources */ = {isa = PBXBuildFile; fileRef = 627746F22E6B5AD30018B340 /* Iterable.swift */; };
		627746F92E6B5AD30018B340 /* InputBuilder.swift in Sources */ = {isa = PBXBuildFile; fileRef = 627746F52E6B5AD30018B340 /* InputBuilder.swift */; };
		627746FA2E6B5AD30018B340 /* PlatformBuilder.swift in Sources */ = {isa = PBXBuildFile; fileRef = 627746F62E6B5AD30018B340 /* PlatformBuilder.swift */; };
		627746FB2E6B5AD30018B340 /* CanonicalString.swift in Sources */ = {isa = PBXBuildFile; fileRef = 627746F82E6B5AD30018B340 /* CanonicalString.swift */; };
		627746FC2E6B5AD30018B340 /* PropertySnapshot.swift in Sources */ = {isa = PBXBuildFile; fileRef = 627746F72E6B5AD30018B340 /* PropertySnapshot.swift */; };
		627747012E6B5AD30018B340 /* AppTextField.swift in Sources */ = {isa = PBXBuildFile; fileRef = 627746FE2E6B5AD30018B340 /* AppTextField.swift */; };
		627747022E6B5AD30018B340 /* AppIconView.swift in Sources */ = {isa = PBXBuildFile; fileRef = 627746FF2E6B5AD30018B340 /* AppIconView.swift */; };
		627747092E6B7F090018B340 /* HomeView.swift in Sources */ = {isa = PBXBuildFile; fileRef = 627747082E6B7F090018B340 /* HomeView.swift */; };
/* End PBXBuildFile section */

/* Begin PBXFileReference section */
		1E2FBCF02E663E4D00C92E7B /* AppState.swift */ = {isa = PBXFileReference; lastKnownFileType = sourcecode.swift; path = AppState.swift; sourceTree = "<group>"; };
		1E2FBCF22E663E5200C92E7B /* AppRouter.swift */ = {isa = PBXFileReference; lastKnownFileType = sourcecode.swift; path = AppRouter.swift; sourceTree = "<group>"; };
		1E2FBCF42E663E6600C92E7B /* AppEnvironment.swift */ = {isa = PBXFileReference; lastKnownFileType = sourcecode.swift; path = AppEnvironment.swift; sourceTree = "<group>"; };
		1E2FBD0D2E66469F00C92E7B /* Typealiases.swift */ = {isa = PBXFileReference; lastKnownFileType = sourcecode.swift; path = Typealiases.swift; sourceTree = "<group>"; };
		1E2FBD0F2E6646AB00C92E7B /* Constants.swift */ = {isa = PBXFileReference; lastKnownFileType = sourcecode.swift; path = Constants.swift; sourceTree = "<group>"; };
		1E2FBD112E6646B600C92E7B /* Operators.swift */ = {isa = PBXFileReference; lastKnownFileType = sourcecode.swift; path = Operators.swift; sourceTree = "<group>"; };
		1E639C812DCE4BE800E478BF /* Assets.xcassets */ = {isa = PBXFileReference; lastKnownFileType = folder.assetcatalog; path = Assets.xcassets; sourceTree = "<group>"; };
		1E90FBF92DCB170700682C80 /* autosave.app */ = {isa = PBXFileReference; explicitFileType = wrapper.application; includeInIndex = 0; path = autosave.app; sourceTree = BUILT_PRODUCTS_DIR; };
		1E90FC0B2DCB17F600682C80 /* autosaveApp.swift */ = {isa = PBXFileReference; lastKnownFileType = sourcecode.swift; path = autosaveApp.swift; sourceTree = "<group>"; };
		627744572E69DF1B0018B340 /* GameBuilder.swift */ = {isa = PBXFileReference; lastKnownFileType = sourcecode.swift; path = GameBuilder.swift; sourceTree = "<group>"; };
		627744592E69DF1B0018B340 /* AppString.swift */ = {isa = PBXFileReference; lastKnownFileType = sourcecode.swift; path = AppString.swift; sourceTree = "<group>"; };
		6277445A2E69DF1B0018B340 /* FormatBuilder.swift */ = {isa = PBXFileReference; lastKnownFileType = sourcecode.swift; path = FormatBuilder.swift; sourceTree = "<group>"; };
		6277445B2E69DF1B0018B340 /* FormatEnum.swift */ = {isa = PBXFileReference; lastKnownFileType = sourcecode.swift; path = FormatEnum.swift; sourceTree = "<group>"; };
		6277445C2E69DF1B0018B340 /* GameStatusEnum.swift */ = {isa = PBXFileReference; lastKnownFileType = sourcecode.swift; path = GameStatusEnum.swift; sourceTree = "<group>"; };
		6277445D2E69DF1B0018B340 /* AppIcon.swift */ = {isa = PBXFileReference; lastKnownFileType = sourcecode.swift; path = AppIcon.swift; sourceTree = "<group>"; };
		6277445E2E69DF1B0018B340 /* InputEnum.swift */ = {isa = PBXFileReference; lastKnownFileType = sourcecode.swift; path = InputEnum.swift; sourceTree = "<group>"; };
		6277445F2E69DF1B0018B340 /* MenuEnum.swift */ = {isa = PBXFileReference; lastKnownFileType = sourcecode.swift; path = MenuEnum.swift; sourceTree = "<group>"; };
		627744602E69DF1B0018B340 /* ModeEnum.swift */ = {isa = PBXFileReference; lastKnownFileType = sourcecode.swift; path = ModeEnum.swift; sourceTree = "<group>"; };
		627744612E69DF1B0018B340 /* PropertyBuilder.swift */ = {isa = PBXFileReference; lastKnownFileType = sourcecode.swift; path = PropertyBuilder.swift; sourceTree = "<group>"; };
		627744622E69DF1B0018B340 /* PropertyEnum.swift */ = {isa = PBXFileReference; lastKnownFileType = sourcecode.swift; path = PropertyEnum.swift; sourceTree = "<group>"; };
		627744632E69DF1B0018B340 /* SystemBuilder.swift */ = {isa = PBXFileReference; lastKnownFileType = sourcecode.swift; path = SystemBuilder.swift; sourceTree = "<group>"; };
		627744642E69DF1B0018B340 /* SystemEnum.swift */ = {isa = PBXFileReference; lastKnownFileType = sourcecode.swift; path = SystemEnum.swift; sourceTree = "<group>"; };
		627744712E69DF1B0018B340 /* Array.swift */ = {isa = PBXFileReference; lastKnownFileType = sourcecode.swift; path = Array.swift; sourceTree = "<group>"; };
		627744722E69DF1B0018B340 /* CGFloat.swift */ = {isa = PBXFileReference; lastKnownFileType = sourcecode.swift; path = CGFloat.swift; sourceTree = "<group>"; };
		627744732E69DF1B0018B340 /* Date.swift */ = {isa = PBXFileReference; lastKnownFileType = sourcecode.swift; path = Date.swift; sourceTree = "<group>"; };
		627744742E69DF1B0018B340 /* DateFormatter.swift */ = {isa = PBXFileReference; lastKnownFileType = sourcecode.swift; path = DateFormatter.swift; sourceTree = "<group>"; };
		627744752E69DF1B0018B340 /* FetchDescriptor.swift */ = {isa = PBXFileReference; lastKnownFileType = sourcecode.swift; path = FetchDescriptor.swift; sourceTree = "<group>"; };
		627744762E69DF1B0018B340 /* Image.swift */ = {isa = PBXFileReference; lastKnownFileType = sourcecode.swift; path = Image.swift; sourceTree = "<group>"; };
		627744772E69DF1B0018B340 /* Int.swift */ = {isa = PBXFileReference; lastKnownFileType = sourcecode.swift; path = Int.swift; sourceTree = "<group>"; };
		627744782E69DF1B0018B340 /* LocalizedString.swift */ = {isa = PBXFileReference; lastKnownFileType = sourcecode.swift; path = LocalizedString.swift; sourceTree = "<group>"; };
		627744792E69DF1B0018B340 /* ModelContainer.swift */ = {isa = PBXFileReference; lastKnownFileType = sourcecode.swift; path = ModelContainer.swift; sourceTree = "<group>"; };
		6277447A2E69DF1B0018B340 /* ModelContext.swift */ = {isa = PBXFileReference; lastKnownFileType = sourcecode.swift; path = ModelContext.swift; sourceTree = "<group>"; };
		6277447B2E69DF1B0018B340 /* Predicate.swift */ = {isa = PBXFileReference; lastKnownFileType = sourcecode.swift; path = Predicate.swift; sourceTree = "<group>"; };
		6277447C2E69DF1B0018B340 /* Set.swift */ = {isa = PBXFileReference; lastKnownFileType = sourcecode.swift; path = Set.swift; sourceTree = "<group>"; };
		6277447D2E69DF1B0018B340 /* SortDescriptor.swift */ = {isa = PBXFileReference; lastKnownFileType = sourcecode.swift; path = SortDescriptor.swift; sourceTree = "<group>"; };
		6277447E2E69DF1B0018B340 /* SortOrder.swift */ = {isa = PBXFileReference; lastKnownFileType = sourcecode.swift; path = SortOrder.swift; sourceTree = "<group>"; };
		6277447F2E69DF1B0018B340 /* String.swift */ = {isa = PBXFileReference; lastKnownFileType = sourcecode.swift; path = String.swift; sourceTree = "<group>"; };
		627744802E69DF1B0018B340 /* UIImage.swift */ = {isa = PBXFileReference; lastKnownFileType = sourcecode.swift; path = UIImage.swift; sourceTree = "<group>"; };
		627744812E69DF1B0018B340 /* View.swift */ = {isa = PBXFileReference; lastKnownFileType = sourcecode.swift; path = View.swift; sourceTree = "<group>"; };
		627744932E69DF1B0018B340 /* GameModel.swift */ = {isa = PBXFileReference; lastKnownFileType = sourcecode.swift; path = GameModel.swift; sourceTree = "<group>"; };
		627744942E69DF1B0018B340 /* PropertyModel.swift */ = {isa = PBXFileReference; lastKnownFileType = sourcecode.swift; path = PropertyModel.swift; sourceTree = "<group>"; };
		6277449B2E69DF1B0018B340 /* GameResult.swift */ = {isa = PBXFileReference; lastKnownFileType = sourcecode.swift; path = GameResult.swift; sourceTree = "<group>"; };
		6277449C2E69DF1B0018B340 /* GameSnapshot.swift */ = {isa = PBXFileReference; lastKnownFileType = sourcecode.swift; path = GameSnapshot.swift; sourceTree = "<group>"; };
		6277449D2E69DF1B0018B340 /* GameSort.swift */ = {isa = PBXFileReference; lastKnownFileType = sourcecode.swift; path = GameSort.swift; sourceTree = "<group>"; };
		627744AB2E69DF1B0018B340 /* GameForm.swift */ = {isa = PBXFileReference; lastKnownFileType = sourcecode.swift; path = GameForm.swift; sourceTree = "<group>"; };
		627744AC2E69DF1B0018B340 /* GamesListView.swift */ = {isa = PBXFileReference; lastKnownFileType = sourcecode.swift; path = GamesListView.swift; sourceTree = "<group>"; };
		627744AD2E69DF1B0018B340 /* GameView.swift */ = {isa = PBXFileReference; lastKnownFileType = sourcecode.swift; path = GameView.swift; sourceTree = "<group>"; };
		6277461A2E69E70D0018B340 /* ImagePickerEnum.swift */ = {isa = PBXFileReference; lastKnownFileType = sourcecode.swift; path = ImagePickerEnum.swift; sourceTree = "<group>"; };
		6277461C2E69E7230018B340 /* GameSortEnum.swift */ = {isa = PBXFileReference; lastKnownFileType = sourcecode.swift; path = GameSortEnum.swift; sourceTree = "<group>"; };
		627746F12E6B5AD30018B340 /* Enumerable.swift */ = {isa = PBXFileReference; lastKnownFileType = sourcecode.swift; path = Enumerable.swift; sourceTree = "<group>"; };
		627746F22E6B5AD30018B340 /* Iterable.swift */ = {isa = PBXFileReference; lastKnownFileType = sourcecode.swift; path = Iterable.swift; sourceTree = "<group>"; };
		627746F52E6B5AD30018B340 /* InputBuilder.swift */ = {isa = PBXFileReference; lastKnownFileType = sourcecode.swift; path = InputBuilder.swift; sourceTree = "<group>"; };
		627746F62E6B5AD30018B340 /* PlatformBuilder.swift */ = {isa = PBXFileReference; lastKnownFileType = sourcecode.swift; path = PlatformBuilder.swift; sourceTree = "<group>"; };
		627746F72E6B5AD30018B340 /* PropertySnapshot.swift */ = {isa = PBXFileReference; lastKnownFileType = sourcecode.swift; path = PropertySnapshot.swift; sourceTree = "<group>"; };
		627746F82E6B5AD30018B340 /* CanonicalString.swift */ = {isa = PBXFileReference; lastKnownFileType = sourcecode.swift; path = CanonicalString.swift; sourceTree = "<group>"; };
		627746FE2E6B5AD30018B340 /* AppTextField.swift */ = {isa = PBXFileReference; lastKnownFileType = sourcecode.swift; path = AppTextField.swift; sourceTree = "<group>"; };
		627746FF2E6B5AD30018B340 /* AppIconView.swift */ = {isa = PBXFileReference; lastKnownFileType = sourcecode.swift; path = AppIconView.swift; sourceTree = "<group>"; };
		627747082E6B7F090018B340 /* HomeView.swift */ = {isa = PBXFileReference; lastKnownFileType = sourcecode.swift; path = HomeView.swift; sourceTree = "<group>"; };
/* End PBXFileReference section */

/* Begin PBXFrameworksBuildPhase section */
		1E90FBF62DCB170700682C80 /* Frameworks */ = {
			isa = PBXFrameworksBuildPhase;
			buildActionMask = 2147483647;
			files = (
			);
			runOnlyForDeploymentPostprocessing = 0;
		};
/* End PBXFrameworksBuildPhase section */

/* Begin PBXGroup section */
		1E2FBCEA2E663DC100C92E7B /* Resources */ = {
			isa = PBXGroup;
			children = (
				1E639C812DCE4BE800E478BF /* Assets.xcassets */,
			);
			path = Resources;
			sourceTree = "<group>";
		};
		1E2FBCEB2E663DC300C92E7B /* UI */ = {
			isa = PBXGroup;
			children = (
				627747042E6B5EA10018B340 /* Components */,
				627746192E69E54D0018B340 /* Themes */,
				6277458E2E69E05C0018B340 /* Animations */,
				627745892E69DF9D0018B340 /* Modifiers */,
				6277458F2E69E0610018B340 /* Layouts */,
			);
			path = UI;
			sourceTree = "<group>";
		};
		1E2FBCEC2E663DC500C92E7B /* Core */ = {
			isa = PBXGroup;
			children = (
				627747032E6B5DFA0018B340 /* Types */,
				6277459B2E69E0B10018B340 /* SwiftData */,
				6277459C2E69E0B10018B340 /* Services */,
				6277459D2E69E0B10018B340 /* Extensions */,
				1E2FBD022E6642E300C92E7B /* Utils */,
			);
			path = Core;
			sourceTree = "<group>";
		};
		1E2FBCEF2E663DE100C92E7B /* App */ = {
			isa = PBXGroup;
			children = (
				1E90FC0B2DCB17F600682C80 /* autosaveApp.swift */,
				1E2FBCF02E663E4D00C92E7B /* AppState.swift */,
				1E2FBCF22E663E5200C92E7B /* AppRouter.swift */,
				1E2FBCF42E663E6600C92E7B /* AppEnvironment.swift */,
			);
			path = App;
			sourceTree = "<group>";
		};
		1E2FBD022E6642E300C92E7B /* Utils */ = {
			isa = PBXGroup;
			children = (
				1E2FBD0D2E66469F00C92E7B /* Typealiases.swift */,
				1E2FBD0F2E6646AB00C92E7B /* Constants.swift */,
				1E2FBD112E6646B600C92E7B /* Operators.swift */,
			);
			path = Utils;
			sourceTree = "<group>";
		};
		1E90FBF02DCB170700682C80 = {
			isa = PBXGroup;
			children = (
				627745922E69E0800018B340 /* Features */,
				627745912E69E0750018B340 /* Config */,
				1E2FBCEF2E663DE100C92E7B /* App */,
				1E2FBCEC2E663DC500C92E7B /* Core */,
				1E2FBCEB2E663DC300C92E7B /* UI */,
				1E2FBCEA2E663DC100C92E7B /* Resources */,
				1E90FBFA2DCB170700682C80 /* Products */,
			);
			sourceTree = "<group>";
		};
		1E90FBFA2DCB170700682C80 /* Products */ = {
			isa = PBXGroup;
			children = (
				1E90FBF92DCB170700682C80 /* autosave.app */,
			);
			name = Products;
			sourceTree = "<group>";
		};
		627745892E69DF9D0018B340 /* Modifiers */ = {
			isa = PBXGroup;
			children = (
			);
			path = Modifiers;
			sourceTree = "<group>";
		};
		6277458E2E69E05C0018B340 /* Animations */ = {
			isa = PBXGroup;
			children = (
			);
			path = Animations;
			sourceTree = "<group>";
		};
		6277458F2E69E0610018B340 /* Layouts */ = {
			isa = PBXGroup;
			children = (
			);
			path = Layouts;
			sourceTree = "<group>";
		};
		627745912E69E0750018B340 /* Config */ = {
			isa = PBXGroup;
			children = (
			);
			path = Config;
			sourceTree = "<group>";
		};
		627745922E69E0800018B340 /* Features */ = {
			isa = PBXGroup;
			children = (
				627747062E6B7EEA0018B340 /* Home */,
				627745942E69E0870018B340 /* Game */,
				627745932E69E0850018B340 /* Property */,
			);
			path = Features;
			sourceTree = "<group>";
		};
		627745932E69E0850018B340 /* Property */ = {
			isa = PBXGroup;
			children = (
				627745982E69E0A70018B340 /* Views */,
				627745992E69E0A70018B340 /* ViewModels */,
				6277459A2E69E0A70018B340 /* Models */,
			);
			path = Property;
			sourceTree = "<group>";
		};
		627745942E69E0870018B340 /* Game */ = {
			isa = PBXGroup;
			children = (
				627745952E69E0900018B340 /* Views */,
				627745962E69E0910018B340 /* ViewModels */,
				627745972E69E0920018B340 /* Models */,
			);
			path = Game;
			sourceTree = "<group>";
		};
		627745952E69E0900018B340 /* Views */ = {
			isa = PBXGroup;
			children = (
				627744AB2E69DF1B0018B340 /* GameForm.swift */,
				627744AC2E69DF1B0018B340 /* GamesListView.swift */,
				627744AD2E69DF1B0018B340 /* GameView.swift */,
			);
			path = Views;
			sourceTree = "<group>";
		};
		627745962E69E0910018B340 /* ViewModels */ = {
			isa = PBXGroup;
			children = (
				627744572E69DF1B0018B340 /* GameBuilder.swift */,
			);
			path = ViewModels;
			sourceTree = "<group>";
		};
		627745972E69E0920018B340 /* Models */ = {
			isa = PBXGroup;
			children = (
				6277445C2E69DF1B0018B340 /* GameStatusEnum.swift */,
				6277461A2E69E70D0018B340 /* ImagePickerEnum.swift */,
				6277461C2E69E7230018B340 /* GameSortEnum.swift */,
				6277449B2E69DF1B0018B340 /* GameResult.swift */,
				6277449C2E69DF1B0018B340 /* GameSnapshot.swift */,
				6277449D2E69DF1B0018B340 /* GameSort.swift */,
			);
			path = Models;
			sourceTree = "<group>";
		};
		627745982E69E0A70018B340 /* Views */ = {
			isa = PBXGroup;
			children = (
			);
			path = Views;
			sourceTree = "<group>";
		};
		627745992E69E0A70018B340 /* ViewModels */ = {
			isa = PBXGroup;
			children = (
			);
			path = ViewModels;
			sourceTree = "<group>";
		};
		6277459A2E69E0A70018B340 /* Models */ = {
			isa = PBXGroup;
			children = (
				6277445A2E69DF1B0018B340 /* FormatBuilder.swift */,
				6277445B2E69DF1B0018B340 /* FormatEnum.swift */,
				627746F52E6B5AD30018B340 /* InputBuilder.swift */,
				627746F62E6B5AD30018B340 /* PlatformBuilder.swift */,
				627746F72E6B5AD30018B340 /* PropertySnapshot.swift */,
				6277445E2E69DF1B0018B340 /* InputEnum.swift */,
				6277445F2E69DF1B0018B340 /* MenuEnum.swift */,
				627744602E69DF1B0018B340 /* ModeEnum.swift */,
				627744612E69DF1B0018B340 /* PropertyBuilder.swift */,
				627744622E69DF1B0018B340 /* PropertyEnum.swift */,
				627744632E69DF1B0018B340 /* SystemBuilder.swift */,
				627744642E69DF1B0018B340 /* SystemEnum.swift */,
			);
			path = Models;
			sourceTree = "<group>";
		};
		6277459B2E69E0B10018B340 /* SwiftData */ = {
			isa = PBXGroup;
			children = (
				627744932E69DF1B0018B340 /* GameModel.swift */,
				627744942E69DF1B0018B340 /* PropertyModel.swift */,
			);
			path = SwiftData;
			sourceTree = "<group>";
		};
		6277459C2E69E0B10018B340 /* Services */ = {
			isa = PBXGroup;
			children = (
			);
			path = Services;
			sourceTree = "<group>";
		};
		6277459D2E69E0B10018B340 /* Extensions */ = {
			isa = PBXGroup;
			children = (
				627744712E69DF1B0018B340 /* Array.swift */,
				627744722E69DF1B0018B340 /* CGFloat.swift */,
				627744732E69DF1B0018B340 /* Date.swift */,
				627744742E69DF1B0018B340 /* DateFormatter.swift */,
				627744752E69DF1B0018B340 /* FetchDescriptor.swift */,
				627744762E69DF1B0018B340 /* Image.swift */,
				627744772E69DF1B0018B340 /* Int.swift */,
				627744782E69DF1B0018B340 /* LocalizedString.swift */,
				627744792E69DF1B0018B340 /* ModelContainer.swift */,
				6277447A2E69DF1B0018B340 /* ModelContext.swift */,
				6277447B2E69DF1B0018B340 /* Predicate.swift */,
				6277447C2E69DF1B0018B340 /* Set.swift */,
				6277447D2E69DF1B0018B340 /* SortDescriptor.swift */,
				6277447E2E69DF1B0018B340 /* SortOrder.swift */,
				6277447F2E69DF1B0018B340 /* String.swift */,
				627744802E69DF1B0018B340 /* UIImage.swift */,
				627744812E69DF1B0018B340 /* View.swift */,
			);
			path = Extensions;
			sourceTree = "<group>";
		};
		627746192E69E54D0018B340 /* Themes */ = {
			isa = PBXGroup;
			children = (
				6277445D2E69DF1B0018B340 /* AppIcon.swift */,
				627744592E69DF1B0018B340 /* AppString.swift */,
			);
			path = Themes;
			sourceTree = "<group>";
		};
		627747032E6B5DFA0018B340 /* Types */ = {
			isa = PBXGroup;
			children = (
				627747052E6B7DEF0018B340 /* Protocols */,
				627746F82E6B5AD30018B340 /* CanonicalString.swift */,
			);
			path = Types;
			sourceTree = "<group>";
		};
		627747042E6B5EA10018B340 /* Components */ = {
			isa = PBXGroup;
			children = (
				627746FE2E6B5AD30018B340 /* AppTextField.swift */,
				627746FF2E6B5AD30018B340 /* AppIconView.swift */,
			);
			path = Components;
			sourceTree = "<group>";
		};
		627747052E6B7DEF0018B340 /* Protocols */ = {
			isa = PBXGroup;
			children = (
				627746F12E6B5AD30018B340 /* Enumerable.swift */,
				627746F22E6B5AD30018B340 /* Iterable.swift */,
			);
			path = Protocols;
			sourceTree = "<group>";
		};
		627747062E6B7EEA0018B340 /* Home */ = {
			isa = PBXGroup;
			children = (
				627747072E6B7EF40018B340 /* Views */,
			);
			path = Home;
			sourceTree = "<group>";
		};
		627747072E6B7EF40018B340 /* Views */ = {
			isa = PBXGroup;
			children = (
				627747082E6B7F090018B340 /* HomeView.swift */,
			);
			path = Views;
			sourceTree = "<group>";
		};
/* End PBXGroup section */

/* Begin PBXNativeTarget section */
		1E90FBF82DCB170700682C80 /* autosave */ = {
			isa = PBXNativeTarget;
			buildConfigurationList = 1E90FC062DCB170900682C80 /* Build configuration list for PBXNativeTarget "autosave" */;
			buildPhases = (
				1E90FBF52DCB170700682C80 /* Sources */,
				1E90FBF62DCB170700682C80 /* Frameworks */,
				1E90FBF72DCB170700682C80 /* Resources */,
			);
			buildRules = (
			);
			dependencies = (
			);
			name = autosave;
			packageProductDependencies = (
			);
			productName = autosave;
			productReference = 1E90FBF92DCB170700682C80 /* autosave.app */;
			productType = "com.apple.product-type.application";
		};
/* End PBXNativeTarget section */

/* Begin PBXProject section */
		1E90FBF12DCB170700682C80 /* Project object */ = {
			isa = PBXProject;
			attributes = {
				BuildIndependentTargetsInParallel = 1;
				LastSwiftUpdateCheck = 1630;
				LastUpgradeCheck = 1630;
				TargetAttributes = {
					1E90FBF82DCB170700682C80 = {
						CreatedOnToolsVersion = 16.3;
						LastSwiftMigration = 1630;
					};
				};
			};
			buildConfigurationList = 1E90FBF42DCB170700682C80 /* Build configuration list for PBXProject "autosave" */;
			developmentRegion = en;
			hasScannedForEncodings = 0;
			knownRegions = (
				en,
				Base,
			);
			mainGroup = 1E90FBF02DCB170700682C80;
			minimizedProjectReferenceProxies = 1;
			preferredProjectObjectVersion = 77;
			productRefGroup = 1E90FBFA2DCB170700682C80 /* Products */;
			projectDirPath = "";
			projectRoot = "";
			targets = (
				1E90FBF82DCB170700682C80 /* autosave */,
			);
		};
/* End PBXProject section */

/* Begin PBXResourcesBuildPhase section */
		1E90FBF72DCB170700682C80 /* Resources */ = {
			isa = PBXResourcesBuildPhase;
			buildActionMask = 2147483647;
			files = (
				1E639C822DCE4BE800E478BF /* Assets.xcassets in Resources */,
			);
			runOnlyForDeploymentPostprocessing = 0;
		};
/* End PBXResourcesBuildPhase section */

/* Begin PBXSourcesBuildPhase section */
		1E90FBF52DCB170700682C80 /* Sources */ = {
			isa = PBXSourcesBuildPhase;
			buildActionMask = 2147483647;
			files = (
				1E2FBD0E2E66469F00C92E7B /* Typealiases.swift in Sources */,
				1E2FBD122E6646B600C92E7B /* Operators.swift in Sources */,
				627744652E69DF1B0018B340 /* AppString.swift in Sources */,
				627744662E69DF1B0018B340 /* GameStatusEnum.swift in Sources */,
				627744A62E69DF1B0018B340 /* GameResult.swift in Sources */,
				627744A72E69DF1B0018B340 /* GameSnapshot.swift in Sources */,
				627744A82E69DF1B0018B340 /* GameSort.swift in Sources */,
				627744672E69DF1B0018B340 /* ModeEnum.swift in Sources */,
				627744AF2E69DF1B0018B340 /* GameView.swift in Sources */,
				627744B02E69DF1B0018B340 /* GamesListView.swift in Sources */,
				627744B32E69DF1B0018B340 /* GameForm.swift in Sources */,
				627744822E69DF1B0018B340 /* ModelContext.swift in Sources */,
				627744832E69DF1B0018B340 /* DateFormatter.swift in Sources */,
				627744842E69DF1B0018B340 /* Image.swift in Sources */,
				627744852E69DF1B0018B340 /* ModelContainer.swift in Sources */,
				627744862E69DF1B0018B340 /* Date.swift in Sources */,
				627744872E69DF1B0018B340 /* Predicate.swift in Sources */,
				627744882E69DF1B0018B340 /* String.swift in Sources */,
				627747092E6B7F090018B340 /* HomeView.swift in Sources */,
				627744892E69DF1B0018B340 /* Array.swift in Sources */,
				6277448A2E69DF1B0018B340 /* LocalizedString.swift in Sources */,
				6277448B2E69DF1B0018B340 /* Set.swift in Sources */,
				6277461D2E69E7230018B340 /* GameSortEnum.swift in Sources */,
				6277448C2E69DF1B0018B340 /* SortDescriptor.swift in Sources */,
				6277448D2E69DF1B0018B340 /* FetchDescriptor.swift in Sources */,
				6277448E2E69DF1B0018B340 /* SortOrder.swift in Sources */,
				6277448F2E69DF1B0018B340 /* CGFloat.swift in Sources */,
				627744902E69DF1B0018B340 /* UIImage.swift in Sources */,
				627744912E69DF1B0018B340 /* View.swift in Sources */,
				627746F32E6B5AD30018B340 /* Enumerable.swift in Sources */,
				627746F42E6B5AD30018B340 /* Iterable.swift in Sources */,
				627744922E69DF1B0018B340 /* Int.swift in Sources */,
				627744682E69DF1B0018B340 /* FormatEnum.swift in Sources */,
				627744692E69DF1B0018B340 /* PropertyEnum.swift in Sources */,
				6277446A2E69DF1B0018B340 /* MenuEnum.swift in Sources */,
				627744952E69DF1B0018B340 /* GameModel.swift in Sources */,
				627744962E69DF1B0018B340 /* PropertyModel.swift in Sources */,
				6277446B2E69DF1B0018B340 /* AppIcon.swift in Sources */,
				6277446C2E69DF1B0018B340 /* PropertyBuilder.swift in Sources */,
				6277446D2E69DF1B0018B340 /* InputEnum.swift in Sources */,
				6277446E2E69DF1B0018B340 /* FormatBuilder.swift in Sources */,
				6277446F2E69DF1B0018B340 /* SystemBuilder.swift in Sources */,
				627744702E69DF1B0018B340 /* SystemEnum.swift in Sources */,
				1E2FBCF32E663E5200C92E7B /* AppRouter.swift in Sources */,
				1E2FBCF12E663E4D00C92E7B /* AppState.swift in Sources */,
				6277461B2E69E70D0018B340 /* ImagePickerEnum.swift in Sources */,
				1E90FC102DCB17F600682C80 /* autosaveApp.swift in Sources */,
				627746F92E6B5AD30018B340 /* InputBuilder.swift in Sources */,
				627747012E6B5AD30018B340 /* AppTextField.swift in Sources */,
				627747022E6B5AD30018B340 /* AppIconView.swift in Sources */,
				627746FA2E6B5AD30018B340 /* PlatformBuilder.swift in Sources */,
				627746FB2E6B5AD30018B340 /* CanonicalString.swift in Sources */,
				627746FC2E6B5AD30018B340 /* PropertySnapshot.swift in Sources */,
				627744582E69DF1B0018B340 /* GameBuilder.swift in Sources */,
				1E2FBD102E6646AB00C92E7B /* Constants.swift in Sources */,
				1E2FBCF52E663E6600C92E7B /* AppEnvironment.swift in Sources */,
			);
			runOnlyForDeploymentPostprocessing = 0;
		};
/* End PBXSourcesBuildPhase section */

/* Begin XCBuildConfiguration section */
		1E90FC042DCB170900682C80 /* Debug */ = {
			isa = XCBuildConfiguration;
			buildSettings = {
				ALWAYS_SEARCH_USER_PATHS = NO;
				ASSETCATALOG_COMPILER_GENERATE_SWIFT_ASSET_SYMBOL_EXTENSIONS = YES;
				CLANG_ANALYZER_NONNULL = YES;
				CLANG_ANALYZER_NUMBER_OBJECT_CONVERSION = YES_AGGRESSIVE;
				CLANG_CXX_LANGUAGE_STANDARD = "gnu++20";
				CLANG_ENABLE_MODULES = YES;
				CLANG_ENABLE_OBJC_ARC = YES;
				CLANG_ENABLE_OBJC_WEAK = YES;
				CLANG_WARN_BLOCK_CAPTURE_AUTORELEASING = YES;
				CLANG_WARN_BOOL_CONVERSION = YES;
				CLANG_WARN_COMMA = YES;
				CLANG_WARN_CONSTANT_CONVERSION = YES;
				CLANG_WARN_DEPRECATED_OBJC_IMPLEMENTATIONS = YES;
				CLANG_WARN_DIRECT_OBJC_ISA_USAGE = YES_ERROR;
				CLANG_WARN_DOCUMENTATION_COMMENTS = YES;
				CLANG_WARN_EMPTY_BODY = YES;
				CLANG_WARN_ENUM_CONVERSION = YES;
				CLANG_WARN_INFINITE_RECURSION = YES;
				CLANG_WARN_INT_CONVERSION = YES;
				CLANG_WARN_NON_LITERAL_NULL_CONVERSION = YES;
				CLANG_WARN_OBJC_IMPLICIT_RETAIN_SELF = YES;
				CLANG_WARN_OBJC_LITERAL_CONVERSION = YES;
				CLANG_WARN_OBJC_ROOT_CLASS = YES_ERROR;
				CLANG_WARN_QUOTED_INCLUDE_IN_FRAMEWORK_HEADER = YES;
				CLANG_WARN_RANGE_LOOP_ANALYSIS = YES;
				CLANG_WARN_STRICT_PROTOTYPES = YES;
				CLANG_WARN_SUSPICIOUS_MOVE = YES;
				CLANG_WARN_UNGUARDED_AVAILABILITY = YES_AGGRESSIVE;
				CLANG_WARN_UNREACHABLE_CODE = YES;
				CLANG_WARN__DUPLICATE_METHOD_MATCH = YES;
				COPY_PHASE_STRIP = NO;
				DEBUG_INFORMATION_FORMAT = dwarf;
				DEVELOPMENT_TEAM = 6H7NA9X6MX;
				ENABLE_STRICT_OBJC_MSGSEND = YES;
				ENABLE_TESTABILITY = YES;
				ENABLE_USER_SCRIPT_SANDBOXING = YES;
				GCC_C_LANGUAGE_STANDARD = gnu17;
				GCC_DYNAMIC_NO_PIC = NO;
				GCC_NO_COMMON_BLOCKS = YES;
				GCC_OPTIMIZATION_LEVEL = 0;
				GCC_PREPROCESSOR_DEFINITIONS = (
					"DEBUG=1",
					"$(inherited)",
				);
				GCC_WARN_64_TO_32_BIT_CONVERSION = YES;
				GCC_WARN_ABOUT_RETURN_TYPE = YES_ERROR;
				GCC_WARN_UNDECLARED_SELECTOR = YES;
				GCC_WARN_UNINITIALIZED_AUTOS = YES_AGGRESSIVE;
				GCC_WARN_UNUSED_FUNCTION = YES;
				GCC_WARN_UNUSED_VARIABLE = YES;
				IPHONEOS_DEPLOYMENT_TARGET = 18.4;
				LOCALIZATION_PREFERS_STRING_CATALOGS = YES;
				MTL_ENABLE_DEBUG_INFO = INCLUDE_SOURCE;
				MTL_FAST_MATH = YES;
				ONLY_ACTIVE_ARCH = YES;
				SDKROOT = iphoneos;
				SWIFT_ACTIVE_COMPILATION_CONDITIONS = "DEBUG $(inherited)";
				SWIFT_OPTIMIZATION_LEVEL = "-Onone";
			};
			name = Debug;
		};
		1E90FC052DCB170900682C80 /* Release */ = {
			isa = XCBuildConfiguration;
			buildSettings = {
				ALWAYS_SEARCH_USER_PATHS = NO;
				ASSETCATALOG_COMPILER_GENERATE_SWIFT_ASSET_SYMBOL_EXTENSIONS = YES;
				CLANG_ANALYZER_NONNULL = YES;
				CLANG_ANALYZER_NUMBER_OBJECT_CONVERSION = YES_AGGRESSIVE;
				CLANG_CXX_LANGUAGE_STANDARD = "gnu++20";
				CLANG_ENABLE_MODULES = YES;
				CLANG_ENABLE_OBJC_ARC = YES;
				CLANG_ENABLE_OBJC_WEAK = YES;
				CLANG_WARN_BLOCK_CAPTURE_AUTORELEASING = YES;
				CLANG_WARN_BOOL_CONVERSION = YES;
				CLANG_WARN_COMMA = YES;
				CLANG_WARN_CONSTANT_CONVERSION = YES;
				CLANG_WARN_DEPRECATED_OBJC_IMPLEMENTATIONS = YES;
				CLANG_WARN_DIRECT_OBJC_ISA_USAGE = YES_ERROR;
				CLANG_WARN_DOCUMENTATION_COMMENTS = YES;
				CLANG_WARN_EMPTY_BODY = YES;
				CLANG_WARN_ENUM_CONVERSION = YES;
				CLANG_WARN_INFINITE_RECURSION = YES;
				CLANG_WARN_INT_CONVERSION = YES;
				CLANG_WARN_NON_LITERAL_NULL_CONVERSION = YES;
				CLANG_WARN_OBJC_IMPLICIT_RETAIN_SELF = YES;
				CLANG_WARN_OBJC_LITERAL_CONVERSION = YES;
				CLANG_WARN_OBJC_ROOT_CLASS = YES_ERROR;
				CLANG_WARN_QUOTED_INCLUDE_IN_FRAMEWORK_HEADER = YES;
				CLANG_WARN_RANGE_LOOP_ANALYSIS = YES;
				CLANG_WARN_STRICT_PROTOTYPES = YES;
				CLANG_WARN_SUSPICIOUS_MOVE = YES;
				CLANG_WARN_UNGUARDED_AVAILABILITY = YES_AGGRESSIVE;
				CLANG_WARN_UNREACHABLE_CODE = YES;
				CLANG_WARN__DUPLICATE_METHOD_MATCH = YES;
				COPY_PHASE_STRIP = NO;
				DEBUG_INFORMATION_FORMAT = "dwarf-with-dsym";
				DEVELOPMENT_TEAM = 6H7NA9X6MX;
				ENABLE_NS_ASSERTIONS = NO;
				ENABLE_STRICT_OBJC_MSGSEND = YES;
				ENABLE_USER_SCRIPT_SANDBOXING = YES;
				GCC_C_LANGUAGE_STANDARD = gnu17;
				GCC_NO_COMMON_BLOCKS = YES;
				GCC_WARN_64_TO_32_BIT_CONVERSION = YES;
				GCC_WARN_ABOUT_RETURN_TYPE = YES_ERROR;
				GCC_WARN_UNDECLARED_SELECTOR = YES;
				GCC_WARN_UNINITIALIZED_AUTOS = YES_AGGRESSIVE;
				GCC_WARN_UNUSED_FUNCTION = YES;
				GCC_WARN_UNUSED_VARIABLE = YES;
				IPHONEOS_DEPLOYMENT_TARGET = 18.4;
				LOCALIZATION_PREFERS_STRING_CATALOGS = YES;
				MTL_ENABLE_DEBUG_INFO = NO;
				MTL_FAST_MATH = YES;
				SDKROOT = iphoneos;
				SWIFT_COMPILATION_MODE = wholemodule;
				VALIDATE_PRODUCT = YES;
			};
			name = Release;
		};
		1E90FC072DCB170900682C80 /* Debug */ = {
			isa = XCBuildConfiguration;
			buildSettings = {
				ASSETCATALOG_COMPILER_APPICON_NAME = AppIcon;
				ASSETCATALOG_COMPILER_GLOBAL_ACCENT_COLOR_NAME = AccentColor;
				CLANG_ENABLE_MODULES = YES;
				CODE_SIGN_STYLE = Automatic;
				CURRENT_PROJECT_VERSION = 1;
				DEVELOPMENT_TEAM = 6H7NA9X6MX;
				ENABLE_PREVIEWS = YES;
				GENERATE_INFOPLIST_FILE = YES;
				INFOPLIST_KEY_UIApplicationSceneManifest_Generation = YES;
				INFOPLIST_KEY_UIApplicationSupportsIndirectInputEvents = YES;
				INFOPLIST_KEY_UILaunchScreen_Generation = YES;
				INFOPLIST_KEY_UISupportedInterfaceOrientations_iPad = "UIInterfaceOrientationPortrait UIInterfaceOrientationPortraitUpsideDown UIInterfaceOrientationLandscapeLeft UIInterfaceOrientationLandscapeRight";
				INFOPLIST_KEY_UISupportedInterfaceOrientations_iPhone = "UIInterfaceOrientationPortrait UIInterfaceOrientationLandscapeLeft UIInterfaceOrientationLandscapeRight";
				LD_RUNPATH_SEARCH_PATHS = (
					"$(inherited)",
					"@executable_path/Frameworks",
				);
				MARKETING_VERSION = 1.0;
				PRODUCT_BUNDLE_IDENTIFIER = com.asiaserrano.autosave;
				PRODUCT_NAME = "$(TARGET_NAME)";
				SWIFT_EMIT_LOC_STRINGS = YES;
				SWIFT_OPTIMIZATION_LEVEL = "-Onone";
				SWIFT_VERSION = 5.0;
				TARGETED_DEVICE_FAMILY = "1,2";
			};
			name = Debug;
		};
		1E90FC082DCB170900682C80 /* Release */ = {
			isa = XCBuildConfiguration;
			buildSettings = {
				ASSETCATALOG_COMPILER_APPICON_NAME = AppIcon;
				ASSETCATALOG_COMPILER_GLOBAL_ACCENT_COLOR_NAME = AccentColor;
				CLANG_ENABLE_MODULES = YES;
				CODE_SIGN_STYLE = Automatic;
				CURRENT_PROJECT_VERSION = 1;
				DEVELOPMENT_TEAM = 6H7NA9X6MX;
				ENABLE_PREVIEWS = YES;
				GENERATE_INFOPLIST_FILE = YES;
				INFOPLIST_KEY_UIApplicationSceneManifest_Generation = YES;
				INFOPLIST_KEY_UIApplicationSupportsIndirectInputEvents = YES;
				INFOPLIST_KEY_UILaunchScreen_Generation = YES;
				INFOPLIST_KEY_UISupportedInterfaceOrientations_iPad = "UIInterfaceOrientationPortrait UIInterfaceOrientationPortraitUpsideDown UIInterfaceOrientationLandscapeLeft UIInterfaceOrientationLandscapeRight";
				INFOPLIST_KEY_UISupportedInterfaceOrientations_iPhone = "UIInterfaceOrientationPortrait UIInterfaceOrientationLandscapeLeft UIInterfaceOrientationLandscapeRight";
				LD_RUNPATH_SEARCH_PATHS = (
					"$(inherited)",
					"@executable_path/Frameworks",
				);
				MARKETING_VERSION = 1.0;
				PRODUCT_BUNDLE_IDENTIFIER = com.asiaserrano.autosave;
				PRODUCT_NAME = "$(TARGET_NAME)";
				SWIFT_EMIT_LOC_STRINGS = YES;
				SWIFT_VERSION = 5.0;
				TARGETED_DEVICE_FAMILY = "1,2";
			};
			name = Release;
		};
/* End XCBuildConfiguration section */

/* Begin XCConfigurationList section */
		1E90FBF42DCB170700682C80 /* Build configuration list for PBXProject "autosave" */ = {
			isa = XCConfigurationList;
			buildConfigurations = (
				1E90FC042DCB170900682C80 /* Debug */,
				1E90FC052DCB170900682C80 /* Release */,
			);
			defaultConfigurationIsVisible = 0;
			defaultConfigurationName = Release;
		};
		1E90FC062DCB170900682C80 /* Build configuration list for PBXNativeTarget "autosave" */ = {
			isa = XCConfigurationList;
			buildConfigurations = (
				1E90FC072DCB170900682C80 /* Debug */,
				1E90FC082DCB170900682C80 /* Release */,
			);
			defaultConfigurationIsVisible = 0;
			defaultConfigurationName = Release;
		};
/* End XCConfigurationList section */
	};
	rootObject = 1E90FBF12DCB170700682C80 /* Project object */;
}
