// !$*UTF8*$!
{
	archiveVersion = 1;
	classes = {
	};
	objectVersion = 77;
	objects = {

/* Begin PBXBuildFile section */
		1E4BF5962E47AE1B00650250 /* TagContainer.swift in Sources */ = {isa = PBXBuildFile; fileRef = 1E4BF5942E47AE1B00650250 /* TagContainer.swift */; };
		1E639C822DCE4BE800E478BF /* Assets.xcassets in Resources */ = {isa = PBXBuildFile; fileRef = 1E639C812DCE4BE800E478BF /* Assets.xcassets */; };
		1E64E2F12E41812F0077E0C1 /* TestingObject.swift in Sources */ = {isa = PBXBuildFile; fileRef = 1E64E2F02E41812F0077E0C1 /* TestingObject.swift */; };
		1E64E2F32E425C250077E0C1 /* SortedMap.swift in Sources */ = {isa = PBXBuildFile; fileRef = 1E64E2F22E425C250077E0C1 /* SortedMap.swift */; };
		1E750AAC2E466DFD00C5AF0A /* NestedSortedMap.swift in Sources */ = {isa = PBXBuildFile; fileRef = 1E750AAB2E466DFD00C5AF0A /* NestedSortedMap.swift */; };
		1E90FC102DCB17F600682C80 /* autosaveApp.swift in Sources */ = {isa = PBXBuildFile; fileRef = 1E90FC0B2DCB17F600682C80 /* autosaveApp.swift */; };
		624CA0292E412FB700C24DCB /* SortedSet.swift in Sources */ = {isa = PBXBuildFile; fileRef = 624CA0282E412FB700C24DCB /* SortedSet.swift */; };
/* End PBXBuildFile section */

/* Begin PBXFileReference section */
		1E4BF5942E47AE1B00650250 /* TagContainer.swift */ = {isa = PBXFileReference; lastKnownFileType = sourcecode.swift; path = TagContainer.swift; sourceTree = "<group>"; };
		1E639C812DCE4BE800E478BF /* Assets.xcassets */ = {isa = PBXFileReference; lastKnownFileType = folder.assetcatalog; path = Assets.xcassets; sourceTree = "<group>"; };
		1E64E2F02E41812F0077E0C1 /* TestingObject.swift */ = {isa = PBXFileReference; lastKnownFileType = sourcecode.swift; path = TestingObject.swift; sourceTree = "<group>"; };
		1E64E2F22E425C250077E0C1 /* SortedMap.swift */ = {isa = PBXFileReference; lastKnownFileType = sourcecode.swift; path = SortedMap.swift; sourceTree = "<group>"; };
		1E750AAB2E466DFD00C5AF0A /* NestedSortedMap.swift */ = {isa = PBXFileReference; lastKnownFileType = sourcecode.swift; path = NestedSortedMap.swift; sourceTree = "<group>"; };
		1E90FBF92DCB170700682C80 /* autosave.app */ = {isa = PBXFileReference; explicitFileType = wrapper.application; includeInIndex = 0; path = autosave.app; sourceTree = BUILT_PRODUCTS_DIR; };
		1E90FC0B2DCB17F600682C80 /* autosaveApp.swift */ = {isa = PBXFileReference; lastKnownFileType = sourcecode.swift; path = autosaveApp.swift; sourceTree = "<group>"; };
		624CA0282E412FB700C24DCB /* SortedSet.swift */ = {isa = PBXFileReference; lastKnownFileType = sourcecode.swift; path = SortedSet.swift; sourceTree = "<group>"; };
/* End PBXFileReference section */

/* Begin PBXFileSystemSynchronizedRootGroup section */
		1E4BF6842E47B46500650250 /* View */ = {
			isa = PBXFileSystemSynchronizedRootGroup;
			path = View;
			sourceTree = "<group>";
		};
		1E639C872DCE4EC600E478BF /* Class */ = {
			isa = PBXFileSystemSynchronizedRootGroup;
			path = Class;
			sourceTree = "<group>";
		};
		1E639C8C2DCE4ECD00E478BF /* Enum */ = {
			isa = PBXFileSystemSynchronizedRootGroup;
			path = Enum;
			sourceTree = "<group>";
		};
		1E639C9E2DCE4ECF00E478BF /* Extension */ = {
			isa = PBXFileSystemSynchronizedRootGroup;
			path = Extension;
			sourceTree = "<group>";
		};
		1E639CAE2DCE4ED400E478BF /* Model */ = {
			isa = PBXFileSystemSynchronizedRootGroup;
			path = Model;
			sourceTree = "<group>";
		};
		1E639CB22DCE4ED700E478BF /* Protocol */ = {
			isa = PBXFileSystemSynchronizedRootGroup;
			path = Protocol;
			sourceTree = "<group>";
		};
		1E639CB82DCE4ED900E478BF /* Struct */ = {
			isa = PBXFileSystemSynchronizedRootGroup;
			path = Struct;
			sourceTree = "<group>";
		};
/* End PBXFileSystemSynchronizedRootGroup section */

/* Begin PBXFrameworksBuildPhase section */
		1E90FBF62DCB170700682C80 /* Frameworks */ = {
			isa = PBXFrameworksBuildPhase;
			buildActionMask = 2147483647;
			files = (
			);
			runOnlyForDeploymentPostprocessing = 0;
		};
/* End PBXFrameworksBuildPhase section */

/* Begin PBXGroup section */
		1E639C832DCE4C1D00E478BF /* main */ = {
			isa = PBXGroup;
			children = (
				1E639C852DCE4C4300E478BF /* swift */,
				1E639C842DCE4C2C00E478BF /* resources */,
			);
			path = main;
			sourceTree = "<group>";
		};
		1E639C842DCE4C2C00E478BF /* resources */ = {
			isa = PBXGroup;
			children = (
				1E639C812DCE4BE800E478BF /* Assets.xcassets */,
			);
			path = resources;
			sourceTree = "<group>";
		};
		1E639C852DCE4C4300E478BF /* swift */ = {
			isa = PBXGroup;
			children = (
				1E90FC0B2DCB17F600682C80 /* autosaveApp.swift */,
				624CA0282E412FB700C24DCB /* SortedSet.swift */,
				1E64E2F22E425C250077E0C1 /* SortedMap.swift */,
				1E750AAB2E466DFD00C5AF0A /* NestedSortedMap.swift */,
				1E4BF5942E47AE1B00650250 /* TagContainer.swift */,
				1E64E2F02E41812F0077E0C1 /* TestingObject.swift */,
				1E639C872DCE4EC600E478BF /* Class */,
				1E639C8C2DCE4ECD00E478BF /* Enum */,
				1E639C9E2DCE4ECF00E478BF /* Extension */,
				1E639CAE2DCE4ED400E478BF /* Model */,
				1E639CB22DCE4ED700E478BF /* Protocol */,
				1E639CB82DCE4ED900E478BF /* Struct */,
				1E4BF6842E47B46500650250 /* View */,
			);
			path = swift;
			sourceTree = "<group>";
		};
		1E90FBF02DCB170700682C80 = {
			isa = PBXGroup;
			children = (
				62C56B312DCBA88B00C68855 /* src */,
				1E90FBFA2DCB170700682C80 /* Products */,
			);
			sourceTree = "<group>";
		};
		1E90FBFA2DCB170700682C80 /* Products */ = {
			isa = PBXGroup;
			children = (
				1E90FBF92DCB170700682C80 /* autosave.app */,
			);
			name = Products;
			sourceTree = "<group>";
		};
		62C56B312DCBA88B00C68855 /* src */ = {
			isa = PBXGroup;
			children = (
				1E639C832DCE4C1D00E478BF /* main */,
			);
			path = src;
			sourceTree = "<group>";
		};
/* End PBXGroup section */

/* Begin PBXNativeTarget section */
		1E90FBF82DCB170700682C80 /* autosave */ = {
			isa = PBXNativeTarget;
			buildConfigurationList = 1E90FC062DCB170900682C80 /* Build configuration list for PBXNativeTarget "autosave" */;
			buildPhases = (
				1E90FBF52DCB170700682C80 /* Sources */,
				1E90FBF62DCB170700682C80 /* Frameworks */,
				1E90FBF72DCB170700682C80 /* Resources */,
			);
			buildRules = (
			);
			dependencies = (
			);
			fileSystemSynchronizedGroups = (
				1E4BF6842E47B46500650250 /* View */,
				1E639C872DCE4EC600E478BF /* Class */,
				1E639C8C2DCE4ECD00E478BF /* Enum */,
				1E639C9E2DCE4ECF00E478BF /* Extension */,
				1E639CAE2DCE4ED400E478BF /* Model */,
				1E639CB22DCE4ED700E478BF /* Protocol */,
				1E639CB82DCE4ED900E478BF /* Struct */,
			);
			name = autosave;
			packageProductDependencies = (
			);
			productName = autosave;
			productReference = 1E90FBF92DCB170700682C80 /* autosave.app */;
			productType = "com.apple.product-type.application";
		};
/* End PBXNativeTarget section */

/* Begin PBXProject section */
		1E90FBF12DCB170700682C80 /* Project object */ = {
			isa = PBXProject;
			attributes = {
				BuildIndependentTargetsInParallel = 1;
				LastSwiftUpdateCheck = 1630;
				LastUpgradeCheck = 1630;
				TargetAttributes = {
					1E90FBF82DCB170700682C80 = {
						CreatedOnToolsVersion = 16.3;
						LastSwiftMigration = 1630;
					};
				};
			};
			buildConfigurationList = 1E90FBF42DCB170700682C80 /* Build configuration list for PBXProject "autosave" */;
			developmentRegion = en;
			hasScannedForEncodings = 0;
			knownRegions = (
				en,
				Base,
			);
			mainGroup = 1E90FBF02DCB170700682C80;
			minimizedProjectReferenceProxies = 1;
			preferredProjectObjectVersion = 77;
			productRefGroup = 1E90FBFA2DCB170700682C80 /* Products */;
			projectDirPath = "";
			projectRoot = "";
			targets = (
				1E90FBF82DCB170700682C80 /* autosave */,
			);
		};
/* End PBXProject section */

/* Begin PBXResourcesBuildPhase section */
		1E90FBF72DCB170700682C80 /* Resources */ = {
			isa = PBXResourcesBuildPhase;
			buildActionMask = 2147483647;
			files = (
				1E639C822DCE4BE800E478BF /* Assets.xcassets in Resources */,
			);
			runOnlyForDeploymentPostprocessing = 0;
		};
/* End PBXResourcesBuildPhase section */

/* Begin PBXSourcesBuildPhase section */
		1E90FBF52DCB170700682C80 /* Sources */ = {
			isa = PBXSourcesBuildPhase;
			buildActionMask = 2147483647;
			files = (
				624CA0292E412FB700C24DCB /* SortedSet.swift in Sources */,
				1E4BF5962E47AE1B00650250 /* TagContainer.swift in Sources */,
				1E64E2F12E41812F0077E0C1 /* TestingObject.swift in Sources */,
				1E64E2F32E425C250077E0C1 /* SortedMap.swift in Sources */,
				1E90FC102DCB17F600682C80 /* autosaveApp.swift in Sources */,
				1E750AAC2E466DFD00C5AF0A /* NestedSortedMap.swift in Sources */,
			);
			runOnlyForDeploymentPostprocessing = 0;
		};
/* End PBXSourcesBuildPhase section */

/* Begin XCBuildConfiguration section */
		1E90FC042DCB170900682C80 /* Debug */ = {
			isa = XCBuildConfiguration;
			buildSettings = {
				ALWAYS_SEARCH_USER_PATHS = NO;
				ASSETCATALOG_COMPILER_GENERATE_SWIFT_ASSET_SYMBOL_EXTENSIONS = YES;
				CLANG_ANALYZER_NONNULL = YES;
				CLANG_ANALYZER_NUMBER_OBJECT_CONVERSION = YES_AGGRESSIVE;
				CLANG_CXX_LANGUAGE_STANDARD = "gnu++20";
				CLANG_ENABLE_MODULES = YES;
				CLANG_ENABLE_OBJC_ARC = YES;
				CLANG_ENABLE_OBJC_WEAK = YES;
				CLANG_WARN_BLOCK_CAPTURE_AUTORELEASING = YES;
				CLANG_WARN_BOOL_CONVERSION = YES;
				CLANG_WARN_COMMA = YES;
				CLANG_WARN_CONSTANT_CONVERSION = YES;
				CLANG_WARN_DEPRECATED_OBJC_IMPLEMENTATIONS = YES;
				CLANG_WARN_DIRECT_OBJC_ISA_USAGE = YES_ERROR;
				CLANG_WARN_DOCUMENTATION_COMMENTS = YES;
				CLANG_WARN_EMPTY_BODY = YES;
				CLANG_WARN_ENUM_CONVERSION = YES;
				CLANG_WARN_INFINITE_RECURSION = YES;
				CLANG_WARN_INT_CONVERSION = YES;
				CLANG_WARN_NON_LITERAL_NULL_CONVERSION = YES;
				CLANG_WARN_OBJC_IMPLICIT_RETAIN_SELF = YES;
				CLANG_WARN_OBJC_LITERAL_CONVERSION = YES;
				CLANG_WARN_OBJC_ROOT_CLASS = YES_ERROR;
				CLANG_WARN_QUOTED_INCLUDE_IN_FRAMEWORK_HEADER = YES;
				CLANG_WARN_RANGE_LOOP_ANALYSIS = YES;
				CLANG_WARN_STRICT_PROTOTYPES = YES;
				CLANG_WARN_SUSPICIOUS_MOVE = YES;
				CLANG_WARN_UNGUARDED_AVAILABILITY = YES_AGGRESSIVE;
				CLANG_WARN_UNREACHABLE_CODE = YES;
				CLANG_WARN__DUPLICATE_METHOD_MATCH = YES;
				COPY_PHASE_STRIP = NO;
				DEBUG_INFORMATION_FORMAT = dwarf;
				DEVELOPMENT_TEAM = 6H7NA9X6MX;
				ENABLE_STRICT_OBJC_MSGSEND = YES;
				ENABLE_TESTABILITY = YES;
				ENABLE_USER_SCRIPT_SANDBOXING = YES;
				GCC_C_LANGUAGE_STANDARD = gnu17;
				GCC_DYNAMIC_NO_PIC = NO;
				GCC_NO_COMMON_BLOCKS = YES;
				GCC_OPTIMIZATION_LEVEL = 0;
				GCC_PREPROCESSOR_DEFINITIONS = (
					"DEBUG=1",
					"$(inherited)",
				);
				GCC_WARN_64_TO_32_BIT_CONVERSION = YES;
				GCC_WARN_ABOUT_RETURN_TYPE = YES_ERROR;
				GCC_WARN_UNDECLARED_SELECTOR = YES;
				GCC_WARN_UNINITIALIZED_AUTOS = YES_AGGRESSIVE;
				GCC_WARN_UNUSED_FUNCTION = YES;
				GCC_WARN_UNUSED_VARIABLE = YES;
				IPHONEOS_DEPLOYMENT_TARGET = 18.4;
				LOCALIZATION_PREFERS_STRING_CATALOGS = YES;
				MTL_ENABLE_DEBUG_INFO = INCLUDE_SOURCE;
				MTL_FAST_MATH = YES;
				ONLY_ACTIVE_ARCH = YES;
				SDKROOT = iphoneos;
				SWIFT_ACTIVE_COMPILATION_CONDITIONS = "DEBUG $(inherited)";
				SWIFT_OPTIMIZATION_LEVEL = "-Onone";
			};
			name = Debug;
		};
		1E90FC052DCB170900682C80 /* Release */ = {
			isa = XCBuildConfiguration;
			buildSettings = {
				ALWAYS_SEARCH_USER_PATHS = NO;
				ASSETCATALOG_COMPILER_GENERATE_SWIFT_ASSET_SYMBOL_EXTENSIONS = YES;
				CLANG_ANALYZER_NONNULL = YES;
				CLANG_ANALYZER_NUMBER_OBJECT_CONVERSION = YES_AGGRESSIVE;
				CLANG_CXX_LANGUAGE_STANDARD = "gnu++20";
				CLANG_ENABLE_MODULES = YES;
				CLANG_ENABLE_OBJC_ARC = YES;
				CLANG_ENABLE_OBJC_WEAK = YES;
				CLANG_WARN_BLOCK_CAPTURE_AUTORELEASING = YES;
				CLANG_WARN_BOOL_CONVERSION = YES;
				CLANG_WARN_COMMA = YES;
				CLANG_WARN_CONSTANT_CONVERSION = YES;
				CLANG_WARN_DEPRECATED_OBJC_IMPLEMENTATIONS = YES;
				CLANG_WARN_DIRECT_OBJC_ISA_USAGE = YES_ERROR;
				CLANG_WARN_DOCUMENTATION_COMMENTS = YES;
				CLANG_WARN_EMPTY_BODY = YES;
				CLANG_WARN_ENUM_CONVERSION = YES;
				CLANG_WARN_INFINITE_RECURSION = YES;
				CLANG_WARN_INT_CONVERSION = YES;
				CLANG_WARN_NON_LITERAL_NULL_CONVERSION = YES;
				CLANG_WARN_OBJC_IMPLICIT_RETAIN_SELF = YES;
				CLANG_WARN_OBJC_LITERAL_CONVERSION = YES;
				CLANG_WARN_OBJC_ROOT_CLASS = YES_ERROR;
				CLANG_WARN_QUOTED_INCLUDE_IN_FRAMEWORK_HEADER = YES;
				CLANG_WARN_RANGE_LOOP_ANALYSIS = YES;
				CLANG_WARN_STRICT_PROTOTYPES = YES;
				CLANG_WARN_SUSPICIOUS_MOVE = YES;
				CLANG_WARN_UNGUARDED_AVAILABILITY = YES_AGGRESSIVE;
				CLANG_WARN_UNREACHABLE_CODE = YES;
				CLANG_WARN__DUPLICATE_METHOD_MATCH = YES;
				COPY_PHASE_STRIP = NO;
				DEBUG_INFORMATION_FORMAT = "dwarf-with-dsym";
				DEVELOPMENT_TEAM = 6H7NA9X6MX;
				ENABLE_NS_ASSERTIONS = NO;
				ENABLE_STRICT_OBJC_MSGSEND = YES;
				ENABLE_USER_SCRIPT_SANDBOXING = YES;
				GCC_C_LANGUAGE_STANDARD = gnu17;
				GCC_NO_COMMON_BLOCKS = YES;
				GCC_WARN_64_TO_32_BIT_CONVERSION = YES;
				GCC_WARN_ABOUT_RETURN_TYPE = YES_ERROR;
				GCC_WARN_UNDECLARED_SELECTOR = YES;
				GCC_WARN_UNINITIALIZED_AUTOS = YES_AGGRESSIVE;
				GCC_WARN_UNUSED_FUNCTION = YES;
				GCC_WARN_UNUSED_VARIABLE = YES;
				IPHONEOS_DEPLOYMENT_TARGET = 18.4;
				LOCALIZATION_PREFERS_STRING_CATALOGS = YES;
				MTL_ENABLE_DEBUG_INFO = NO;
				MTL_FAST_MATH = YES;
				SDKROOT = iphoneos;
				SWIFT_COMPILATION_MODE = wholemodule;
				VALIDATE_PRODUCT = YES;
			};
			name = Release;
		};
		1E90FC072DCB170900682C80 /* Debug */ = {
			isa = XCBuildConfiguration;
			buildSettings = {
				ASSETCATALOG_COMPILER_APPICON_NAME = AppIcon;
				ASSETCATALOG_COMPILER_GLOBAL_ACCENT_COLOR_NAME = AccentColor;
				CLANG_ENABLE_MODULES = YES;
				CODE_SIGN_STYLE = Automatic;
				CURRENT_PROJECT_VERSION = 1;
				DEVELOPMENT_TEAM = 6H7NA9X6MX;
				ENABLE_PREVIEWS = YES;
				GENERATE_INFOPLIST_FILE = YES;
				INFOPLIST_KEY_UIApplicationSceneManifest_Generation = YES;
				INFOPLIST_KEY_UIApplicationSupportsIndirectInputEvents = YES;
				INFOPLIST_KEY_UILaunchScreen_Generation = YES;
				INFOPLIST_KEY_UISupportedInterfaceOrientations_iPad = "UIInterfaceOrientationPortrait UIInterfaceOrientationPortraitUpsideDown UIInterfaceOrientationLandscapeLeft UIInterfaceOrientationLandscapeRight";
				INFOPLIST_KEY_UISupportedInterfaceOrientations_iPhone = "UIInterfaceOrientationPortrait UIInterfaceOrientationLandscapeLeft UIInterfaceOrientationLandscapeRight";
				LD_RUNPATH_SEARCH_PATHS = (
					"$(inherited)",
					"@executable_path/Frameworks",
				);
				MARKETING_VERSION = 1.0;
				PRODUCT_BUNDLE_IDENTIFIER = com.asiaserrano.autosave;
				PRODUCT_NAME = "$(TARGET_NAME)";
				SWIFT_EMIT_LOC_STRINGS = YES;
				SWIFT_OPTIMIZATION_LEVEL = "-Onone";
				SWIFT_VERSION = 5.0;
				TARGETED_DEVICE_FAMILY = "1,2";
			};
			name = Debug;
		};
		1E90FC082DCB170900682C80 /* Release */ = {
			isa = XCBuildConfiguration;
			buildSettings = {
				ASSETCATALOG_COMPILER_APPICON_NAME = AppIcon;
				ASSETCATALOG_COMPILER_GLOBAL_ACCENT_COLOR_NAME = AccentColor;
				CLANG_ENABLE_MODULES = YES;
				CODE_SIGN_STYLE = Automatic;
				CURRENT_PROJECT_VERSION = 1;
				DEVELOPMENT_TEAM = 6H7NA9X6MX;
				ENABLE_PREVIEWS = YES;
				GENERATE_INFOPLIST_FILE = YES;
				INFOPLIST_KEY_UIApplicationSceneManifest_Generation = YES;
				INFOPLIST_KEY_UIApplicationSupportsIndirectInputEvents = YES;
				INFOPLIST_KEY_UILaunchScreen_Generation = YES;
				INFOPLIST_KEY_UISupportedInterfaceOrientations_iPad = "UIInterfaceOrientationPortrait UIInterfaceOrientationPortraitUpsideDown UIInterfaceOrientationLandscapeLeft UIInterfaceOrientationLandscapeRight";
				INFOPLIST_KEY_UISupportedInterfaceOrientations_iPhone = "UIInterfaceOrientationPortrait UIInterfaceOrientationLandscapeLeft UIInterfaceOrientationLandscapeRight";
				LD_RUNPATH_SEARCH_PATHS = (
					"$(inherited)",
					"@executable_path/Frameworks",
				);
				MARKETING_VERSION = 1.0;
				PRODUCT_BUNDLE_IDENTIFIER = com.asiaserrano.autosave;
				PRODUCT_NAME = "$(TARGET_NAME)";
				SWIFT_EMIT_LOC_STRINGS = YES;
				SWIFT_VERSION = 5.0;
				TARGETED_DEVICE_FAMILY = "1,2";
			};
			name = Release;
		};
/* End XCBuildConfiguration section */

/* Begin XCConfigurationList section */
		1E90FBF42DCB170700682C80 /* Build configuration list for PBXProject "autosave" */ = {
			isa = XCConfigurationList;
			buildConfigurations = (
				1E90FC042DCB170900682C80 /* Debug */,
				1E90FC052DCB170900682C80 /* Release */,
			);
			defaultConfigurationIsVisible = 0;
			defaultConfigurationName = Release;
		};
		1E90FC062DCB170900682C80 /* Build configuration list for PBXNativeTarget "autosave" */ = {
			isa = XCConfigurationList;
			buildConfigurations = (
				1E90FC072DCB170900682C80 /* Debug */,
				1E90FC082DCB170900682C80 /* Release */,
			);
			defaultConfigurationIsVisible = 0;
			defaultConfigurationName = Release;
		};
/* End XCConfigurationList section */
	};
	rootObject = 1E90FBF12DCB170700682C80 /* Project object */;
}
